
Microsoft Visual Studio Solution File, Format Version 12.00
# Visual Studio Version 17
VisualStudioVersion = 17.13.35507.96 d17.13
MinimumVisualStudioVersion = 10.0.40219.1
Project("{FAE04EC0-301F-11D3-BF4B-00C04F79EFBC}") = "NguyenThiTrucQuynh_buoi4", "NguyenThiTrucQuynh_buoi4.csproj", "{BB3C121F-EC59-4ABF-9F24-AED947564A02}"
EndProject
Global
	GlobalSection(SolutionConfigurationPlatforms) = preSolution
		Debug|Any CPU = Debug|Any CPU
		Release|Any CPU = Release|Any CPU
	EndGlobalSection
	GlobalSection(ProjectConfigurationPlatforms) = postSolution
		{BB3C121F-EC59-4ABF-9F24-AED947564A02}.Debug|Any CPU.ActiveCfg = Debug|Any CPU
		{BB3C121F-EC59-4ABF-9F24-AED947564A02}.Debug|Any CPU.Build.0 = Debug|Any CPU
		{BB3C121F-EC59-4ABF-9F24-AED947564A02}.Release|Any CPU.ActiveCfg = Release|Any CPU
		{BB3C121F-EC59-4ABF-9F24-AED947564A02}.Release|Any CPU.Build.0 = Release|Any CPU
	EndGlobalSection
	GlobalSection(SolutionProperties) = preSolution
		HideSolutionNode = FALSE
	EndGlobalSection
	GlobalSection(ExtensibilityGlobals) = postSolution
		SolutionGuid = {9D83211B-597F-45D7-8D06-C147D4ECCF56}
	EndGlobalSection
EndGlobal
